
Microsoft Visual Studio Solution File, Format Version 12.00
# Visual Studio 15
VisualStudioVersion = 15.0.27703.2026
MinimumVisualStudioVersion = 10.0.40219.1
Project("{2150E333-8FDC-42A3-9474-1A3956D46DE8}") = "000_Note", "000_Note", "{6A1596CE-444B-4D40-921E-D6FF045768E9}"
EndProject
Project("{8BC9CEB8-8B4A-11D0-8D11-00A0C91BC942}") = "00_Client_0", "Client_0\Client_0.vcxproj", "{2AD8D9BB-30BD-4478-954B-A87653C57403}"
EndProject
Project("{8BC9CEB8-8B4A-11D0-8D11-00A0C91BC942}") = "01_Server_0", "Server_0\Server_0.vcxproj", "{827CA1A5-F00E-498F-A0E3-8D74D7588E84}"
EndProject
Project("{8BC9CEB8-8B4A-11D0-8D11-00A0C91BC942}") = "03_ProtocolServer", "ProtocolServer\ProtocolServer.vcxproj", "{04256BD3-F0F2-4E31-8505-2A2EAA84E4EA}"
EndProject
Project("{8BC9CEB8-8B4A-11D0-8D11-00A0C91BC942}") = "02_ProtocolClient", "Protocol\Protocol.vcxproj", "{C5E0AC4C-10E2-403C-93D3-26C20EF32838}"
EndProject
Project("{8BC9CEB8-8B4A-11D0-8D11-00A0C91BC942}") = "05_NonBlockServer", "NonBlockServer\NonBlockServer.vcxproj", "{7780D653-C482-4924-9FF7-1CFFEA990771}"
EndProject
Project("{8BC9CEB8-8B4A-11D0-8D11-00A0C91BC942}") = "04_NonBlockClient", "NonBlockClient\NonBlockClient.vcxproj", "{3939E600-94F9-4E59-96BB-3A907E6B2F18}"
EndProject
Project("{8BC9CEB8-8B4A-11D0-8D11-00A0C91BC942}") = "06_ThreadServer", "ThreadServer\ThreadServer.vcxproj", "{4DD74EF5-191F-444A-86AF-A785888B5054}"
EndProject
Project("{8BC9CEB8-8B4A-11D0-8D11-00A0C91BC942}") = "07_CriticalSection", "CriticalSection\CriticalSection.vcxproj", "{1E13CAB5-9C95-4827-91EF-D1FA1B710D13}"
EndProject
Project("{8BC9CEB8-8B4A-11D0-8D11-00A0C91BC942}") = "08_MutexClient", "MutexClient\MutexClient.vcxproj", "{2324D531-28B4-4A0C-BE50-A2A0F31C5821}"
EndProject
Project("{8BC9CEB8-8B4A-11D0-8D11-00A0C91BC942}") = "09_SemaphoreServer", "SemaphoreServer\SemaphoreServer.vcxproj", "{B1114F4C-8706-4AD6-8722-73CC8349E788}"
EndProject
Project("{2150E333-8FDC-42A3-9474-1A3956D46DE8}") = "Part_03", "Part_03", "{2597F4F9-E1C0-4613-9C0D-637456F93E83}"
EndProject
Project("{2150E333-8FDC-42A3-9474-1A3956D46DE8}") = "Chapter20", "Chapter20", "{AC35E7D9-066C-4650-89C4-B3AC0079C061}"
EndProject
Project("{8BC9CEB8-8B4A-11D0-8D11-00A0C91BC942}") = "01_SyncCS_win", "SyncCS_win\SyncCS_win.vcxproj", "{33FBBC7C-1780-46D3-B1D8-7534AEAB4E9D}"
EndProject
Project("{2150E333-8FDC-42A3-9474-1A3956D46DE8}") = "Part_01", "Part_01", "{CD3752D9-AF03-44C5-A877-45A4A6CD4D47}"
EndProject
Project("{2150E333-8FDC-42A3-9474-1A3956D46DE8}") = "Chapter01", "Chapter01", "{39C6B247-7507-4864-B293-647DCC4337B5}"
EndProject
Project("{2150E333-8FDC-42A3-9474-1A3956D46DE8}") = "Window", "Window", "{3F8998A0-0BAC-44B9-ABD8-77F454CD62C8}"
EndProject
Project("{8BC9CEB8-8B4A-11D0-8D11-00A0C91BC942}") = "01_hello_server_win", "hello_server_win\hello_server_win.vcxproj", "{C8D64041-F8D7-4A0B-9564-C408C4BB61B4}"
EndProject
Project("{8BC9CEB8-8B4A-11D0-8D11-00A0C91BC942}") = "02_hello_client_win", "hello_client_win\hello_client_win.vcxproj", "{710A06B0-0FE4-4582-BAB2-82B9676DF2D4}"
EndProject
Project("{2150E333-8FDC-42A3-9474-1A3956D46DE8}") = "Chapter02", "Chapter02", "{40F01331-9983-43C5-A958-EC636D0598AE}"
EndProject
Project("{2150E333-8FDC-42A3-9474-1A3956D46DE8}") = "Window", "Window", "{F14454ED-E95E-48A5-8EFE-DFDA56002E6D}"
EndProject
Project("{8BC9CEB8-8B4A-11D0-8D11-00A0C91BC942}") = "01_tcp_client", "tcp_client\tcp_client.vcxproj", "{B4135013-240D-485B-8FE1-89E4C8796DE9}"
EndProject
Project("{2150E333-8FDC-42A3-9474-1A3956D46DE8}") = "Chapter03", "Chapter03", "{0CFDCFE1-175D-4A33-BE42-39904620E853}"
EndProject
Project("{8BC9CEB8-8B4A-11D0-8D11-00A0C91BC942}") = "01_endian_conv_win", "endian_conv_win\endian_conv_win.vcxproj", "{E0A18093-BF52-4EE6-B2FA-53BF4B9106A4}"
EndProject
Project("{8BC9CEB8-8B4A-11D0-8D11-00A0C91BC942}") = "02_inet_adrconv_win", "inet_adrconv_win\inet_adrconv_win.vcxproj", "{BE930A9A-52B4-420B-91B7-801F558337AC}"
EndProject
Project("{2150E333-8FDC-42A3-9474-1A3956D46DE8}") = "Chapter04", "Chapter04", "{B75F3FD3-CDC6-4232-9C32-B0FE75DA77D1}"
EndProject
Project("{8BC9CEB8-8B4A-11D0-8D11-00A0C91BC942}") = "01_echo_server_win", "echo_server_win\echo_server_win.vcxproj", "{EEB5E286-8D29-4D2F-BC8D-3BFA5B727262}"
EndProject
Project("{8BC9CEB8-8B4A-11D0-8D11-00A0C91BC942}") = "02_echo_client_win", "echo_client_win\echo_client_win.vcxproj", "{618683FC-4389-4D08-B1C2-9B1338C910C8}"
EndProject
Project("{8BC9CEB8-8B4A-11D0-8D11-00A0C91BC942}") = "01_op_client", "op_client\op_client.vcxproj", "{678F130C-E6F8-4903-A965-AAE4091930B0}"
EndProject
Project("{8BC9CEB8-8B4A-11D0-8D11-00A0C91BC942}") = "02_op_server", "op_server\op_server.vcxproj", "{CE248924-9779-48D1-8D27-DD5FF2262FC8}"
EndProject
Project("{2150E333-8FDC-42A3-9474-1A3956D46DE8}") = "Chapter06", "Chapter06", "{E6C9E359-3F2F-4E32-93F6-466E0F7A9C53}"
EndProject
Project("{2150E333-8FDC-42A3-9474-1A3956D46DE8}") = "Window", "Window", "{C04B233B-10FB-4B18-9ED1-2BBB58A5B715}"
EndProject
Project("{2150E333-8FDC-42A3-9474-1A3956D46DE8}") = "Window", "Window", "{734E7C0A-4079-4927-A06F-7D2C91A4A430}"
EndProject
Project("{2150E333-8FDC-42A3-9474-1A3956D46DE8}") = "Window", "Window", "{72327F58-99DC-4D9B-8E42-FB5FC22E0312}"
EndProject
Project("{8BC9CEB8-8B4A-11D0-8D11-00A0C91BC942}") = "01_uecho_server_win", "uecho_server_win\uecho_server_win.vcxproj", "{32D4F896-8B0C-4091-88ED-5C8605477202}"
EndProject
Project("{8BC9CEB8-8B4A-11D0-8D11-00A0C91BC942}") = "02_uecho_client_win", "uecho_client_win\uecho_client_win.vcxproj", "{2493DC8D-EC0F-4E2A-852E-F1A847A398B3}"
EndProject
Project("{2150E333-8FDC-42A3-9474-1A3956D46DE8}") = "Chapter05", "Chapter05", "{35EE1D6C-86FC-4E60-AB95-1B98B0399681}"
EndProject
Project("{2150E333-8FDC-42A3-9474-1A3956D46DE8}") = "Window", "Window", "{EE526920-BA44-431C-912F-116C1B0D3DDC}"
EndProject
Project("{2150E333-8FDC-42A3-9474-1A3956D46DE8}") = "Chapter07", "Chapter07", "{9E38912C-4B02-4177-B3FC-382E667B62F0}"
EndProject
Project("{2150E333-8FDC-42A3-9474-1A3956D46DE8}") = "Window", "Window", "{200165A7-C573-4A09-B67B-1DE5E85D73A8}"
EndProject
Project("{8BC9CEB8-8B4A-11D0-8D11-00A0C91BC942}") = "01_file_server_win", "file_server_win\file_server_win.vcxproj", "{CDF57D7C-EAEC-469F-8437-16C18E24BA96}"
EndProject
Project("{8BC9CEB8-8B4A-11D0-8D11-00A0C91BC942}") = "02_file_client_win", "file_client_win\file_client_win.vcxproj", "{89C70633-015E-4D32-9BFA-4862136AC0AD}"
EndProject
Project("{2150E333-8FDC-42A3-9474-1A3956D46DE8}") = "Chapter08", "Chapter08", "{9D77F6C3-2A69-4660-BADA-F0924E08530F}"
EndProject
Project("{2150E333-8FDC-42A3-9474-1A3956D46DE8}") = "Window", "Window", "{E50A3F23-276B-48A0-AA73-2C6CA6712A6C}"
EndProject
Project("{8BC9CEB8-8B4A-11D0-8D11-00A0C91BC942}") = "01_gethostbyname_win", "gethostbyname_win\gethostbyname_win.vcxproj", "{357E41F6-38F7-419B-9A97-4931216FD464}"
EndProject
Project("{8BC9CEB8-8B4A-11D0-8D11-00A0C91BC942}") = "02_gethostbyaddr_win", "gethostbyaddr_win\gethostbyaddr_win.vcxproj", "{3EB4E6D4-3AB6-4047-A6E1-0D34BE9F525F}"
EndProject
Project("{2150E333-8FDC-42A3-9474-1A3956D46DE8}") = "Chapter09", "Chapter09", "{8975B2CD-2B73-4E83-B847-FA77DF3493C7}"
EndProject
Project("{2150E333-8FDC-42A3-9474-1A3956D46DE8}") = "Window", "Window", "{4182AFAC-4C0F-41E4-84E7-4843CD8477A0}"
EndProject
Project("{8BC9CEB8-8B4A-11D0-8D11-00A0C91BC942}") = "01_buf_win", "buf_win\buf_win.vcxproj", "{A9E60B9F-CBB9-4BD6-B22E-22F5A7246E6F}"
EndProject
Project("{2150E333-8FDC-42A3-9474-1A3956D46DE8}") = "Chapter12", "Chapter12", "{8DAD0EB7-B1E4-4100-9BCB-70D4F941F0EF}"
EndProject
Project("{2150E333-8FDC-42A3-9474-1A3956D46DE8}") = "Window", "Window", "{83E73C4B-F5B5-4EFD-8D5A-1CB5853096BE}"
EndProject
Project("{8BC9CEB8-8B4A-11D0-8D11-00A0C91BC942}") = "01_echo_selectserv_win", "echo_selectserv_win\echo_selectserv_win.vcxproj", "{0F72423F-25B3-413F-98EC-64624754C722}"
EndProject
Project("{2150E333-8FDC-42A3-9474-1A3956D46DE8}") = "Chapter13", "Chapter13", "{6CE05DD9-0D78-460D-95C1-03B5D87263B0}"
EndProject
Project("{2150E333-8FDC-42A3-9474-1A3956D46DE8}") = "Window", "Window", "{D7F78A92-8AC0-4D47-B87B-CA4B4AA65CB1}"
EndProject
Project("{8BC9CEB8-8B4A-11D0-8D11-00A0C91BC942}") = "01_oob_send_win", "oob_send_win\oob_send_win.vcxproj", "{7BD09B07-D48E-4C58-A11D-4A5B5BBDB15B}"
EndProject
Project("{8BC9CEB8-8B4A-11D0-8D11-00A0C91BC942}") = "02_oob_recv_win", "oob_recv_win\oob_recv_win.vcxproj", "{6BE8A001-A27E-4ECC-9714-6758B7337EA7}"
EndProject
Project("{8BC9CEB8-8B4A-11D0-8D11-00A0C91BC942}") = "10_ASyncIO", "ASyncIO\ASyncIO.vcxproj", "{6DDAF008-6188-4294-B3CE-368568E5B46E}"
EndProject
Project("{8BC9CEB8-8B4A-11D0-8D11-00A0C91BC942}") = "11_ASyncIO_01", "ASyncIO_01\ASyncIO_01.vcxproj", "{658E573C-7B0B-4DAD-811E-E6BE0C36EA45}"
EndProject
Project("{2150E333-8FDC-42A3-9474-1A3956D46DE8}") = "Chapter14", "Chapter14", "{7DA41DAC-D22B-429D-B43A-D182E310FE09}"
EndProject
Project("{2150E333-8FDC-42A3-9474-1A3956D46DE8}") = "Windows", "Windows", "{EDB56A5B-A9CD-44D1-B721-A0AA201E3A00}"
EndProject
Project("{8BC9CEB8-8B4A-11D0-8D11-00A0C91BC942}") = "01_news_sender_win", "news_sender_win\news_sender_win.vcxproj", "{49F3A719-6449-4B12-90C9-EDF7396A4E8D}"
EndProject
Project("{8BC9CEB8-8B4A-11D0-8D11-00A0C91BC942}") = "02_news_receiver_win", "news_receiver_win\news_receiver_win.vcxproj", "{4BA63046-D054-467D-B7A0-DE835A3E96E3}"
EndProject
Project("{2150E333-8FDC-42A3-9474-1A3956D46DE8}") = "Chapter19", "Chapter19", "{A357EC56-53AA-4505-A00F-580CECA8A09F}"
EndProject
Project("{8BC9CEB8-8B4A-11D0-8D11-00A0C91BC942}") = "01_thread1_win", "thread1_win\thread1_win.vcxproj", "{D7087B88-5391-4AAD-8275-E9B58EC68FB2}"
EndProject
Project("{8BC9CEB8-8B4A-11D0-8D11-00A0C91BC942}") = "02_thread2_win", "thread2_win\thread2_win.vcxproj", "{4AEEC415-32D4-4E06-AAA4-993F1EDDCA44}"
EndProject
Project("{8BC9CEB8-8B4A-11D0-8D11-00A0C91BC942}") = "03_thread3_win", "thread3_win\thread3_win.vcxproj", "{993C2A74-8AEA-4197-959F-C1D0EB0700C0}"
EndProject
Project("{8BC9CEB8-8B4A-11D0-8D11-00A0C91BC942}") = "02_SyncMutex_win", "SyncMutex_win\SyncMutex_win.vcxproj", "{2D143B0D-DFEB-4CE0-9721-4614533B5DEA}"
EndProject
Project("{8BC9CEB8-8B4A-11D0-8D11-00A0C91BC942}") = "03_SyncSema_win", "SyncSema_win\SyncSema_win.vcxproj", "{FC16D420-3924-43DE-8205-651DC7F54CC9}"
EndProject
Project("{8BC9CEB8-8B4A-11D0-8D11-00A0C91BC942}") = "04_SyncEvent_win", "SyncEvent_win\SyncEvent_win.vcxproj", "{FFC448A3-12D3-4660-977A-6F8707BE235A}"
EndProject
Project("{8BC9CEB8-8B4A-11D0-8D11-00A0C91BC942}") = "05_chat_serv_win", "chat_serv_win\chat_serv_win.vcxproj", "{E79CF44B-1B47-4930-B7D5-0A6DE76BEB77}"
EndProject
Project("{8BC9CEB8-8B4A-11D0-8D11-00A0C91BC942}") = "06_chat_clnt_win", "chat_clnt_win\chat_clnt_win.vcxproj", "{47565464-18E4-495B-AF23-90F144714B67}"
EndProject
Project("{2150E333-8FDC-42A3-9474-1A3956D46DE8}") = "Chapter21", "Chapter21", "{CC46DE40-4986-44D1-99B5-FB6CEB8385DA}"
EndProject
Project("{8BC9CEB8-8B4A-11D0-8D11-00A0C91BC942}") = "01_AsynNotiEchoServ_win", "AsynNotiEchoServ_win\AsynNotiEchoServ_win.vcxproj", "{FA5C8118-4BB2-48D0-A254-0D0AC6442617}"
EndProject
Project("{2150E333-8FDC-42A3-9474-1A3956D46DE8}") = "Chapter22", "Chapter22", "{F63DE59A-0EAC-410F-85A3-4E2A37E3FDC3}"
EndProject
Project("{8BC9CEB8-8B4A-11D0-8D11-00A0C91BC942}") = "01_OverlappedSend_win", "OverlappedSend_win\OverlappedSend_win.vcxproj", "{0217AFB1-D85B-46AF-8719-9514A72ED983}"
EndProject
Project("{8BC9CEB8-8B4A-11D0-8D11-00A0C91BC942}") = "02_OverlappedRecv_win", "OverlappedRecv_win\OverlappedRecv_win.vcxproj", "{C4310803-EE5B-4FAB-9335-710C8B63F04F}"
EndProject
Project("{8BC9CEB8-8B4A-11D0-8D11-00A0C91BC942}") = "03_CmplRoutinesRecv_win", "CmplRoutinesRecv_win\CmplRoutinesRecv_win.vcxproj", "{040D480A-EEA5-4D0E-A280-0F7789276944}"
EndProject
Project("{2150E333-8FDC-42A3-9474-1A3956D46DE8}") = "Chapter23", "Chapter23", "{3B9EE545-95F4-4E26-957A-E4CEC6180B96}"
EndProject
Project("{8BC9CEB8-8B4A-11D0-8D11-00A0C91BC942}") = "01_CmplRouEchoServ_win", "CmplRouEchoServ_win\CmplRouEchoServ_win.vcxproj", "{12535D9D-4432-4289-8892-D274068C3082}"
EndProject
Project("{8BC9CEB8-8B4A-11D0-8D11-00A0C91BC942}") = "02_StableEchoClnt_win", "StableEchoClnt_win\StableEchoClnt_win.vcxproj", "{73F0F856-D95E-41BE-A055-7BA70F553723}"
EndProject
Project("{8BC9CEB8-8B4A-11D0-8D11-00A0C91BC942}") = "03_IOCPEchoServ_win", "IOCPEchoServ_win\IOCPEchoServ_win.vcxproj", "{64D91334-F82D-40DC-BBB8-8CDE1850028A}"
EndProject
Global
	GlobalSection(SolutionConfigurationPlatforms) = preSolution
		Debug|x64 = Debug|x64
		Debug|x86 = Debug|x86
		Release|x64 = Release|x64
		Release|x86 = Release|x86
	EndGlobalSection
	GlobalSection(ProjectConfigurationPlatforms) = postSolution
		{2AD8D9BB-30BD-4478-954B-A87653C57403}.Debug|x64.ActiveCfg = Debug|x64
		{2AD8D9BB-30BD-4478-954B-A87653C57403}.Debug|x64.Build.0 = Debug|x64
		{2AD8D9BB-30BD-4478-954B-A87653C57403}.Debug|x86.ActiveCfg = Debug|Win32
		{2AD8D9BB-30BD-4478-954B-A87653C57403}.Debug|x86.Build.0 = Debug|Win32
		{2AD8D9BB-30BD-4478-954B-A87653C57403}.Release|x64.ActiveCfg = Release|x64
		{2AD8D9BB-30BD-4478-954B-A87653C57403}.Release|x64.Build.0 = Release|x64
		{2AD8D9BB-30BD-4478-954B-A87653C57403}.Release|x86.ActiveCfg = Release|Win32
		{2AD8D9BB-30BD-4478-954B-A87653C57403}.Release|x86.Build.0 = Release|Win32
		{827CA1A5-F00E-498F-A0E3-8D74D7588E84}.Debug|x64.ActiveCfg = Debug|x64
		{827CA1A5-F00E-498F-A0E3-8D74D7588E84}.Debug|x64.Build.0 = Debug|x64
		{827CA1A5-F00E-498F-A0E3-8D74D7588E84}.Debug|x86.ActiveCfg = Debug|Win32
		{827CA1A5-F00E-498F-A0E3-8D74D7588E84}.Debug|x86.Build.0 = Debug|Win32
		{827CA1A5-F00E-498F-A0E3-8D74D7588E84}.Release|x64.ActiveCfg = Release|x64
		{827CA1A5-F00E-498F-A0E3-8D74D7588E84}.Release|x64.Build.0 = Release|x64
		{827CA1A5-F00E-498F-A0E3-8D74D7588E84}.Release|x86.ActiveCfg = Release|Win32
		{827CA1A5-F00E-498F-A0E3-8D74D7588E84}.Release|x86.Build.0 = Release|Win32
		{04256BD3-F0F2-4E31-8505-2A2EAA84E4EA}.Debug|x64.ActiveCfg = Debug|x64
		{04256BD3-F0F2-4E31-8505-2A2EAA84E4EA}.Debug|x64.Build.0 = Debug|x64
		{04256BD3-F0F2-4E31-8505-2A2EAA84E4EA}.Debug|x86.ActiveCfg = Debug|Win32
		{04256BD3-F0F2-4E31-8505-2A2EAA84E4EA}.Debug|x86.Build.0 = Debug|Win32
		{04256BD3-F0F2-4E31-8505-2A2EAA84E4EA}.Release|x64.ActiveCfg = Release|x64
		{04256BD3-F0F2-4E31-8505-2A2EAA84E4EA}.Release|x64.Build.0 = Release|x64
		{04256BD3-F0F2-4E31-8505-2A2EAA84E4EA}.Release|x86.ActiveCfg = Release|Win32
		{04256BD3-F0F2-4E31-8505-2A2EAA84E4EA}.Release|x86.Build.0 = Release|Win32
		{C5E0AC4C-10E2-403C-93D3-26C20EF32838}.Debug|x64.ActiveCfg = Debug|x64
		{C5E0AC4C-10E2-403C-93D3-26C20EF32838}.Debug|x64.Build.0 = Debug|x64
		{C5E0AC4C-10E2-403C-93D3-26C20EF32838}.Debug|x86.ActiveCfg = Debug|Win32
		{C5E0AC4C-10E2-403C-93D3-26C20EF32838}.Debug|x86.Build.0 = Debug|Win32
		{C5E0AC4C-10E2-403C-93D3-26C20EF32838}.Release|x64.ActiveCfg = Release|x64
		{C5E0AC4C-10E2-403C-93D3-26C20EF32838}.Release|x64.Build.0 = Release|x64
		{C5E0AC4C-10E2-403C-93D3-26C20EF32838}.Release|x86.ActiveCfg = Release|Win32
		{C5E0AC4C-10E2-403C-93D3-26C20EF32838}.Release|x86.Build.0 = Release|Win32
		{7780D653-C482-4924-9FF7-1CFFEA990771}.Debug|x64.ActiveCfg = Debug|x64
		{7780D653-C482-4924-9FF7-1CFFEA990771}.Debug|x64.Build.0 = Debug|x64
		{7780D653-C482-4924-9FF7-1CFFEA990771}.Debug|x86.ActiveCfg = Debug|Win32
		{7780D653-C482-4924-9FF7-1CFFEA990771}.Debug|x86.Build.0 = Debug|Win32
		{7780D653-C482-4924-9FF7-1CFFEA990771}.Release|x64.ActiveCfg = Release|x64
		{7780D653-C482-4924-9FF7-1CFFEA990771}.Release|x64.Build.0 = Release|x64
		{7780D653-C482-4924-9FF7-1CFFEA990771}.Release|x86.ActiveCfg = Release|Win32
		{7780D653-C482-4924-9FF7-1CFFEA990771}.Release|x86.Build.0 = Release|Win32
		{3939E600-94F9-4E59-96BB-3A907E6B2F18}.Debug|x64.ActiveCfg = Debug|x64
		{3939E600-94F9-4E59-96BB-3A907E6B2F18}.Debug|x64.Build.0 = Debug|x64
		{3939E600-94F9-4E59-96BB-3A907E6B2F18}.Debug|x86.ActiveCfg = Debug|Win32
		{3939E600-94F9-4E59-96BB-3A907E6B2F18}.Debug|x86.Build.0 = Debug|Win32
		{3939E600-94F9-4E59-96BB-3A907E6B2F18}.Release|x64.ActiveCfg = Release|x64
		{3939E600-94F9-4E59-96BB-3A907E6B2F18}.Release|x64.Build.0 = Release|x64
		{3939E600-94F9-4E59-96BB-3A907E6B2F18}.Release|x86.ActiveCfg = Release|Win32
		{3939E600-94F9-4E59-96BB-3A907E6B2F18}.Release|x86.Build.0 = Release|Win32
		{4DD74EF5-191F-444A-86AF-A785888B5054}.Debug|x64.ActiveCfg = Debug|x64
		{4DD74EF5-191F-444A-86AF-A785888B5054}.Debug|x64.Build.0 = Debug|x64
		{4DD74EF5-191F-444A-86AF-A785888B5054}.Debug|x86.ActiveCfg = Debug|Win32
		{4DD74EF5-191F-444A-86AF-A785888B5054}.Debug|x86.Build.0 = Debug|Win32
		{4DD74EF5-191F-444A-86AF-A785888B5054}.Release|x64.ActiveCfg = Release|x64
		{4DD74EF5-191F-444A-86AF-A785888B5054}.Release|x64.Build.0 = Release|x64
		{4DD74EF5-191F-444A-86AF-A785888B5054}.Release|x86.ActiveCfg = Release|Win32
		{4DD74EF5-191F-444A-86AF-A785888B5054}.Release|x86.Build.0 = Release|Win32
		{1E13CAB5-9C95-4827-91EF-D1FA1B710D13}.Debug|x64.ActiveCfg = Debug|x64
		{1E13CAB5-9C95-4827-91EF-D1FA1B710D13}.Debug|x64.Build.0 = Debug|x64
		{1E13CAB5-9C95-4827-91EF-D1FA1B710D13}.Debug|x86.ActiveCfg = Debug|Win32
		{1E13CAB5-9C95-4827-91EF-D1FA1B710D13}.Debug|x86.Build.0 = Debug|Win32
		{1E13CAB5-9C95-4827-91EF-D1FA1B710D13}.Release|x64.ActiveCfg = Release|x64
		{1E13CAB5-9C95-4827-91EF-D1FA1B710D13}.Release|x64.Build.0 = Release|x64
		{1E13CAB5-9C95-4827-91EF-D1FA1B710D13}.Release|x86.ActiveCfg = Release|Win32
		{1E13CAB5-9C95-4827-91EF-D1FA1B710D13}.Release|x86.Build.0 = Release|Win32
		{2324D531-28B4-4A0C-BE50-A2A0F31C5821}.Debug|x64.ActiveCfg = Debug|x64
		{2324D531-28B4-4A0C-BE50-A2A0F31C5821}.Debug|x64.Build.0 = Debug|x64
		{2324D531-28B4-4A0C-BE50-A2A0F31C5821}.Debug|x86.ActiveCfg = Debug|Win32
		{2324D531-28B4-4A0C-BE50-A2A0F31C5821}.Debug|x86.Build.0 = Debug|Win32
		{2324D531-28B4-4A0C-BE50-A2A0F31C5821}.Release|x64.ActiveCfg = Release|x64
		{2324D531-28B4-4A0C-BE50-A2A0F31C5821}.Release|x64.Build.0 = Release|x64
		{2324D531-28B4-4A0C-BE50-A2A0F31C5821}.Release|x86.ActiveCfg = Release|Win32
		{2324D531-28B4-4A0C-BE50-A2A0F31C5821}.Release|x86.Build.0 = Release|Win32
		{B1114F4C-8706-4AD6-8722-73CC8349E788}.Debug|x64.ActiveCfg = Debug|x64
		{B1114F4C-8706-4AD6-8722-73CC8349E788}.Debug|x64.Build.0 = Debug|x64
		{B1114F4C-8706-4AD6-8722-73CC8349E788}.Debug|x86.ActiveCfg = Debug|Win32
		{B1114F4C-8706-4AD6-8722-73CC8349E788}.Debug|x86.Build.0 = Debug|Win32
		{B1114F4C-8706-4AD6-8722-73CC8349E788}.Release|x64.ActiveCfg = Release|x64
		{B1114F4C-8706-4AD6-8722-73CC8349E788}.Release|x64.Build.0 = Release|x64
		{B1114F4C-8706-4AD6-8722-73CC8349E788}.Release|x86.ActiveCfg = Release|Win32
		{B1114F4C-8706-4AD6-8722-73CC8349E788}.Release|x86.Build.0 = Release|Win32
		{33FBBC7C-1780-46D3-B1D8-7534AEAB4E9D}.Debug|x64.ActiveCfg = Debug|x64
		{33FBBC7C-1780-46D3-B1D8-7534AEAB4E9D}.Debug|x64.Build.0 = Debug|x64
		{33FBBC7C-1780-46D3-B1D8-7534AEAB4E9D}.Debug|x86.ActiveCfg = Debug|Win32
		{33FBBC7C-1780-46D3-B1D8-7534AEAB4E9D}.Debug|x86.Build.0 = Debug|Win32
		{33FBBC7C-1780-46D3-B1D8-7534AEAB4E9D}.Release|x64.ActiveCfg = Release|x64
		{33FBBC7C-1780-46D3-B1D8-7534AEAB4E9D}.Release|x64.Build.0 = Release|x64
		{33FBBC7C-1780-46D3-B1D8-7534AEAB4E9D}.Release|x86.ActiveCfg = Release|Win32
		{33FBBC7C-1780-46D3-B1D8-7534AEAB4E9D}.Release|x86.Build.0 = Release|Win32
		{C8D64041-F8D7-4A0B-9564-C408C4BB61B4}.Debug|x64.ActiveCfg = Debug|x64
		{C8D64041-F8D7-4A0B-9564-C408C4BB61B4}.Debug|x64.Build.0 = Debug|x64
		{C8D64041-F8D7-4A0B-9564-C408C4BB61B4}.Debug|x86.ActiveCfg = Debug|Win32
		{C8D64041-F8D7-4A0B-9564-C408C4BB61B4}.Debug|x86.Build.0 = Debug|Win32
		{C8D64041-F8D7-4A0B-9564-C408C4BB61B4}.Release|x64.ActiveCfg = Release|x64
		{C8D64041-F8D7-4A0B-9564-C408C4BB61B4}.Release|x64.Build.0 = Release|x64
		{C8D64041-F8D7-4A0B-9564-C408C4BB61B4}.Release|x86.ActiveCfg = Release|Win32
		{C8D64041-F8D7-4A0B-9564-C408C4BB61B4}.Release|x86.Build.0 = Release|Win32
		{710A06B0-0FE4-4582-BAB2-82B9676DF2D4}.Debug|x64.ActiveCfg = Debug|x64
		{710A06B0-0FE4-4582-BAB2-82B9676DF2D4}.Debug|x64.Build.0 = Debug|x64
		{710A06B0-0FE4-4582-BAB2-82B9676DF2D4}.Debug|x86.ActiveCfg = Debug|Win32
		{710A06B0-0FE4-4582-BAB2-82B9676DF2D4}.Debug|x86.Build.0 = Debug|Win32
		{710A06B0-0FE4-4582-BAB2-82B9676DF2D4}.Release|x64.ActiveCfg = Release|x64
		{710A06B0-0FE4-4582-BAB2-82B9676DF2D4}.Release|x64.Build.0 = Release|x64
		{710A06B0-0FE4-4582-BAB2-82B9676DF2D4}.Release|x86.ActiveCfg = Release|Win32
		{710A06B0-0FE4-4582-BAB2-82B9676DF2D4}.Release|x86.Build.0 = Release|Win32
		{B4135013-240D-485B-8FE1-89E4C8796DE9}.Debug|x64.ActiveCfg = Debug|x64
		{B4135013-240D-485B-8FE1-89E4C8796DE9}.Debug|x64.Build.0 = Debug|x64
		{B4135013-240D-485B-8FE1-89E4C8796DE9}.Debug|x86.ActiveCfg = Debug|Win32
		{B4135013-240D-485B-8FE1-89E4C8796DE9}.Debug|x86.Build.0 = Debug|Win32
		{B4135013-240D-485B-8FE1-89E4C8796DE9}.Release|x64.ActiveCfg = Release|x64
		{B4135013-240D-485B-8FE1-89E4C8796DE9}.Release|x64.Build.0 = Release|x64
		{B4135013-240D-485B-8FE1-89E4C8796DE9}.Release|x86.ActiveCfg = Release|Win32
		{B4135013-240D-485B-8FE1-89E4C8796DE9}.Release|x86.Build.0 = Release|Win32
		{E0A18093-BF52-4EE6-B2FA-53BF4B9106A4}.Debug|x64.ActiveCfg = Debug|x64
		{E0A18093-BF52-4EE6-B2FA-53BF4B9106A4}.Debug|x64.Build.0 = Debug|x64
		{E0A18093-BF52-4EE6-B2FA-53BF4B9106A4}.Debug|x86.ActiveCfg = Debug|Win32
		{E0A18093-BF52-4EE6-B2FA-53BF4B9106A4}.Debug|x86.Build.0 = Debug|Win32
		{E0A18093-BF52-4EE6-B2FA-53BF4B9106A4}.Release|x64.ActiveCfg = Release|x64
		{E0A18093-BF52-4EE6-B2FA-53BF4B9106A4}.Release|x64.Build.0 = Release|x64
		{E0A18093-BF52-4EE6-B2FA-53BF4B9106A4}.Release|x86.ActiveCfg = Release|Win32
		{E0A18093-BF52-4EE6-B2FA-53BF4B9106A4}.Release|x86.Build.0 = Release|Win32
		{BE930A9A-52B4-420B-91B7-801F558337AC}.Debug|x64.ActiveCfg = Debug|x64
		{BE930A9A-52B4-420B-91B7-801F558337AC}.Debug|x64.Build.0 = Debug|x64
		{BE930A9A-52B4-420B-91B7-801F558337AC}.Debug|x86.ActiveCfg = Debug|Win32
		{BE930A9A-52B4-420B-91B7-801F558337AC}.Debug|x86.Build.0 = Debug|Win32
		{BE930A9A-52B4-420B-91B7-801F558337AC}.Release|x64.ActiveCfg = Release|x64
		{BE930A9A-52B4-420B-91B7-801F558337AC}.Release|x64.Build.0 = Release|x64
		{BE930A9A-52B4-420B-91B7-801F558337AC}.Release|x86.ActiveCfg = Release|Win32
		{BE930A9A-52B4-420B-91B7-801F558337AC}.Release|x86.Build.0 = Release|Win32
		{EEB5E286-8D29-4D2F-BC8D-3BFA5B727262}.Debug|x64.ActiveCfg = Debug|x64
		{EEB5E286-8D29-4D2F-BC8D-3BFA5B727262}.Debug|x64.Build.0 = Debug|x64
		{EEB5E286-8D29-4D2F-BC8D-3BFA5B727262}.Debug|x86.ActiveCfg = Debug|Win32
		{EEB5E286-8D29-4D2F-BC8D-3BFA5B727262}.Debug|x86.Build.0 = Debug|Win32
		{EEB5E286-8D29-4D2F-BC8D-3BFA5B727262}.Release|x64.ActiveCfg = Release|x64
		{EEB5E286-8D29-4D2F-BC8D-3BFA5B727262}.Release|x64.Build.0 = Release|x64
		{EEB5E286-8D29-4D2F-BC8D-3BFA5B727262}.Release|x86.ActiveCfg = Release|Win32
		{EEB5E286-8D29-4D2F-BC8D-3BFA5B727262}.Release|x86.Build.0 = Release|Win32
		{618683FC-4389-4D08-B1C2-9B1338C910C8}.Debug|x64.ActiveCfg = Debug|x64
		{618683FC-4389-4D08-B1C2-9B1338C910C8}.Debug|x64.Build.0 = Debug|x64
		{618683FC-4389-4D08-B1C2-9B1338C910C8}.Debug|x86.ActiveCfg = Debug|Win32
		{618683FC-4389-4D08-B1C2-9B1338C910C8}.Debug|x86.Build.0 = Debug|Win32
		{618683FC-4389-4D08-B1C2-9B1338C910C8}.Release|x64.ActiveCfg = Release|x64
		{618683FC-4389-4D08-B1C2-9B1338C910C8}.Release|x64.Build.0 = Release|x64
		{618683FC-4389-4D08-B1C2-9B1338C910C8}.Release|x86.ActiveCfg = Release|Win32
		{618683FC-4389-4D08-B1C2-9B1338C910C8}.Release|x86.Build.0 = Release|Win32
		{678F130C-E6F8-4903-A965-AAE4091930B0}.Debug|x64.ActiveCfg = Debug|x64
		{678F130C-E6F8-4903-A965-AAE4091930B0}.Debug|x64.Build.0 = Debug|x64
		{678F130C-E6F8-4903-A965-AAE4091930B0}.Debug|x86.ActiveCfg = Debug|Win32
		{678F130C-E6F8-4903-A965-AAE4091930B0}.Debug|x86.Build.0 = Debug|Win32
		{678F130C-E6F8-4903-A965-AAE4091930B0}.Release|x64.ActiveCfg = Release|x64
		{678F130C-E6F8-4903-A965-AAE4091930B0}.Release|x64.Build.0 = Release|x64
		{678F130C-E6F8-4903-A965-AAE4091930B0}.Release|x86.ActiveCfg = Release|Win32
		{678F130C-E6F8-4903-A965-AAE4091930B0}.Release|x86.Build.0 = Release|Win32
		{CE248924-9779-48D1-8D27-DD5FF2262FC8}.Debug|x64.ActiveCfg = Debug|x64
		{CE248924-9779-48D1-8D27-DD5FF2262FC8}.Debug|x64.Build.0 = Debug|x64
		{CE248924-9779-48D1-8D27-DD5FF2262FC8}.Debug|x86.ActiveCfg = Debug|Win32
		{CE248924-9779-48D1-8D27-DD5FF2262FC8}.Debug|x86.Build.0 = Debug|Win32
		{CE248924-9779-48D1-8D27-DD5FF2262FC8}.Release|x64.ActiveCfg = Release|x64
		{CE248924-9779-48D1-8D27-DD5FF2262FC8}.Release|x64.Build.0 = Release|x64
		{CE248924-9779-48D1-8D27-DD5FF2262FC8}.Release|x86.ActiveCfg = Release|Win32
		{CE248924-9779-48D1-8D27-DD5FF2262FC8}.Release|x86.Build.0 = Release|Win32
		{32D4F896-8B0C-4091-88ED-5C8605477202}.Debug|x64.ActiveCfg = Debug|x64
		{32D4F896-8B0C-4091-88ED-5C8605477202}.Debug|x64.Build.0 = Debug|x64
		{32D4F896-8B0C-4091-88ED-5C8605477202}.Debug|x86.ActiveCfg = Debug|Win32
		{32D4F896-8B0C-4091-88ED-5C8605477202}.Debug|x86.Build.0 = Debug|Win32
		{32D4F896-8B0C-4091-88ED-5C8605477202}.Release|x64.ActiveCfg = Release|x64
		{32D4F896-8B0C-4091-88ED-5C8605477202}.Release|x64.Build.0 = Release|x64
		{32D4F896-8B0C-4091-88ED-5C8605477202}.Release|x86.ActiveCfg = Release|Win32
		{32D4F896-8B0C-4091-88ED-5C8605477202}.Release|x86.Build.0 = Release|Win32
		{2493DC8D-EC0F-4E2A-852E-F1A847A398B3}.Debug|x64.ActiveCfg = Debug|x64
		{2493DC8D-EC0F-4E2A-852E-F1A847A398B3}.Debug|x64.Build.0 = Debug|x64
		{2493DC8D-EC0F-4E2A-852E-F1A847A398B3}.Debug|x86.ActiveCfg = Debug|Win32
		{2493DC8D-EC0F-4E2A-852E-F1A847A398B3}.Debug|x86.Build.0 = Debug|Win32
		{2493DC8D-EC0F-4E2A-852E-F1A847A398B3}.Release|x64.ActiveCfg = Release|x64
		{2493DC8D-EC0F-4E2A-852E-F1A847A398B3}.Release|x64.Build.0 = Release|x64
		{2493DC8D-EC0F-4E2A-852E-F1A847A398B3}.Release|x86.ActiveCfg = Release|Win32
		{2493DC8D-EC0F-4E2A-852E-F1A847A398B3}.Release|x86.Build.0 = Release|Win32
		{CDF57D7C-EAEC-469F-8437-16C18E24BA96}.Debug|x64.ActiveCfg = Debug|x64
		{CDF57D7C-EAEC-469F-8437-16C18E24BA96}.Debug|x64.Build.0 = Debug|x64
		{CDF57D7C-EAEC-469F-8437-16C18E24BA96}.Debug|x86.ActiveCfg = Debug|Win32
		{CDF57D7C-EAEC-469F-8437-16C18E24BA96}.Debug|x86.Build.0 = Debug|Win32
		{CDF57D7C-EAEC-469F-8437-16C18E24BA96}.Release|x64.ActiveCfg = Release|x64
		{CDF57D7C-EAEC-469F-8437-16C18E24BA96}.Release|x64.Build.0 = Release|x64
		{CDF57D7C-EAEC-469F-8437-16C18E24BA96}.Release|x86.ActiveCfg = Release|Win32
		{CDF57D7C-EAEC-469F-8437-16C18E24BA96}.Release|x86.Build.0 = Release|Win32
		{89C70633-015E-4D32-9BFA-4862136AC0AD}.Debug|x64.ActiveCfg = Debug|x64
		{89C70633-015E-4D32-9BFA-4862136AC0AD}.Debug|x64.Build.0 = Debug|x64
		{89C70633-015E-4D32-9BFA-4862136AC0AD}.Debug|x86.ActiveCfg = Debug|Win32
		{89C70633-015E-4D32-9BFA-4862136AC0AD}.Debug|x86.Build.0 = Debug|Win32
		{89C70633-015E-4D32-9BFA-4862136AC0AD}.Release|x64.ActiveCfg = Release|x64
		{89C70633-015E-4D32-9BFA-4862136AC0AD}.Release|x64.Build.0 = Release|x64
		{89C70633-015E-4D32-9BFA-4862136AC0AD}.Release|x86.ActiveCfg = Release|Win32
		{89C70633-015E-4D32-9BFA-4862136AC0AD}.Release|x86.Build.0 = Release|Win32
		{357E41F6-38F7-419B-9A97-4931216FD464}.Debug|x64.ActiveCfg = Debug|x64
		{357E41F6-38F7-419B-9A97-4931216FD464}.Debug|x64.Build.0 = Debug|x64
		{357E41F6-38F7-419B-9A97-4931216FD464}.Debug|x86.ActiveCfg = Debug|Win32
		{357E41F6-38F7-419B-9A97-4931216FD464}.Debug|x86.Build.0 = Debug|Win32
		{357E41F6-38F7-419B-9A97-4931216FD464}.Release|x64.ActiveCfg = Release|x64
		{357E41F6-38F7-419B-9A97-4931216FD464}.Release|x64.Build.0 = Release|x64
		{357E41F6-38F7-419B-9A97-4931216FD464}.Release|x86.ActiveCfg = Release|Win32
		{357E41F6-38F7-419B-9A97-4931216FD464}.Release|x86.Build.0 = Release|Win32
		{3EB4E6D4-3AB6-4047-A6E1-0D34BE9F525F}.Debug|x64.ActiveCfg = Debug|x64
		{3EB4E6D4-3AB6-4047-A6E1-0D34BE9F525F}.Debug|x64.Build.0 = Debug|x64
		{3EB4E6D4-3AB6-4047-A6E1-0D34BE9F525F}.Debug|x86.ActiveCfg = Debug|Win32
		{3EB4E6D4-3AB6-4047-A6E1-0D34BE9F525F}.Debug|x86.Build.0 = Debug|Win32
		{3EB4E6D4-3AB6-4047-A6E1-0D34BE9F525F}.Release|x64.ActiveCfg = Release|x64
		{3EB4E6D4-3AB6-4047-A6E1-0D34BE9F525F}.Release|x64.Build.0 = Release|x64
		{3EB4E6D4-3AB6-4047-A6E1-0D34BE9F525F}.Release|x86.ActiveCfg = Release|Win32
		{3EB4E6D4-3AB6-4047-A6E1-0D34BE9F525F}.Release|x86.Build.0 = Release|Win32
		{A9E60B9F-CBB9-4BD6-B22E-22F5A7246E6F}.Debug|x64.ActiveCfg = Debug|x64
		{A9E60B9F-CBB9-4BD6-B22E-22F5A7246E6F}.Debug|x64.Build.0 = Debug|x64
		{A9E60B9F-CBB9-4BD6-B22E-22F5A7246E6F}.Debug|x86.ActiveCfg = Debug|Win32
		{A9E60B9F-CBB9-4BD6-B22E-22F5A7246E6F}.Debug|x86.Build.0 = Debug|Win32
		{A9E60B9F-CBB9-4BD6-B22E-22F5A7246E6F}.Release|x64.ActiveCfg = Release|x64
		{A9E60B9F-CBB9-4BD6-B22E-22F5A7246E6F}.Release|x64.Build.0 = Release|x64
		{A9E60B9F-CBB9-4BD6-B22E-22F5A7246E6F}.Release|x86.ActiveCfg = Release|Win32
		{A9E60B9F-CBB9-4BD6-B22E-22F5A7246E6F}.Release|x86.Build.0 = Release|Win32
		{0F72423F-25B3-413F-98EC-64624754C722}.Debug|x64.ActiveCfg = Debug|x64
		{0F72423F-25B3-413F-98EC-64624754C722}.Debug|x64.Build.0 = Debug|x64
		{0F72423F-25B3-413F-98EC-64624754C722}.Debug|x86.ActiveCfg = Debug|Win32
		{0F72423F-25B3-413F-98EC-64624754C722}.Debug|x86.Build.0 = Debug|Win32
		{0F72423F-25B3-413F-98EC-64624754C722}.Release|x64.ActiveCfg = Release|x64
		{0F72423F-25B3-413F-98EC-64624754C722}.Release|x64.Build.0 = Release|x64
		{0F72423F-25B3-413F-98EC-64624754C722}.Release|x86.ActiveCfg = Release|Win32
		{0F72423F-25B3-413F-98EC-64624754C722}.Release|x86.Build.0 = Release|Win32
		{7BD09B07-D48E-4C58-A11D-4A5B5BBDB15B}.Debug|x64.ActiveCfg = Debug|x64
		{7BD09B07-D48E-4C58-A11D-4A5B5BBDB15B}.Debug|x64.Build.0 = Debug|x64
		{7BD09B07-D48E-4C58-A11D-4A5B5BBDB15B}.Debug|x86.ActiveCfg = Debug|Win32
		{7BD09B07-D48E-4C58-A11D-4A5B5BBDB15B}.Debug|x86.Build.0 = Debug|Win32
		{7BD09B07-D48E-4C58-A11D-4A5B5BBDB15B}.Release|x64.ActiveCfg = Release|x64
		{7BD09B07-D48E-4C58-A11D-4A5B5BBDB15B}.Release|x64.Build.0 = Release|x64
		{7BD09B07-D48E-4C58-A11D-4A5B5BBDB15B}.Release|x86.ActiveCfg = Release|Win32
		{7BD09B07-D48E-4C58-A11D-4A5B5BBDB15B}.Release|x86.Build.0 = Release|Win32
		{6BE8A001-A27E-4ECC-9714-6758B7337EA7}.Debug|x64.ActiveCfg = Debug|x64
		{6BE8A001-A27E-4ECC-9714-6758B7337EA7}.Debug|x64.Build.0 = Debug|x64
		{6BE8A001-A27E-4ECC-9714-6758B7337EA7}.Debug|x86.ActiveCfg = Debug|Win32
		{6BE8A001-A27E-4ECC-9714-6758B7337EA7}.Debug|x86.Build.0 = Debug|Win32
		{6BE8A001-A27E-4ECC-9714-6758B7337EA7}.Release|x64.ActiveCfg = Release|x64
		{6BE8A001-A27E-4ECC-9714-6758B7337EA7}.Release|x64.Build.0 = Release|x64
		{6BE8A001-A27E-4ECC-9714-6758B7337EA7}.Release|x86.ActiveCfg = Release|Win32
		{6BE8A001-A27E-4ECC-9714-6758B7337EA7}.Release|x86.Build.0 = Release|Win32
		{6DDAF008-6188-4294-B3CE-368568E5B46E}.Debug|x64.ActiveCfg = Debug|x64
		{6DDAF008-6188-4294-B3CE-368568E5B46E}.Debug|x64.Build.0 = Debug|x64
		{6DDAF008-6188-4294-B3CE-368568E5B46E}.Debug|x86.ActiveCfg = Debug|Win32
		{6DDAF008-6188-4294-B3CE-368568E5B46E}.Debug|x86.Build.0 = Debug|Win32
		{6DDAF008-6188-4294-B3CE-368568E5B46E}.Release|x64.ActiveCfg = Release|x64
		{6DDAF008-6188-4294-B3CE-368568E5B46E}.Release|x64.Build.0 = Release|x64
		{6DDAF008-6188-4294-B3CE-368568E5B46E}.Release|x86.ActiveCfg = Release|Win32
		{6DDAF008-6188-4294-B3CE-368568E5B46E}.Release|x86.Build.0 = Release|Win32
		{658E573C-7B0B-4DAD-811E-E6BE0C36EA45}.Debug|x64.ActiveCfg = Debug|x64
		{658E573C-7B0B-4DAD-811E-E6BE0C36EA45}.Debug|x64.Build.0 = Debug|x64
		{658E573C-7B0B-4DAD-811E-E6BE0C36EA45}.Debug|x86.ActiveCfg = Debug|Win32
		{658E573C-7B0B-4DAD-811E-E6BE0C36EA45}.Debug|x86.Build.0 = Debug|Win32
		{658E573C-7B0B-4DAD-811E-E6BE0C36EA45}.Release|x64.ActiveCfg = Release|x64
		{658E573C-7B0B-4DAD-811E-E6BE0C36EA45}.Release|x64.Build.0 = Release|x64
		{658E573C-7B0B-4DAD-811E-E6BE0C36EA45}.Release|x86.ActiveCfg = Release|Win32
		{658E573C-7B0B-4DAD-811E-E6BE0C36EA45}.Release|x86.Build.0 = Release|Win32
		{49F3A719-6449-4B12-90C9-EDF7396A4E8D}.Debug|x64.ActiveCfg = Debug|x64
		{49F3A719-6449-4B12-90C9-EDF7396A4E8D}.Debug|x64.Build.0 = Debug|x64
		{49F3A719-6449-4B12-90C9-EDF7396A4E8D}.Debug|x86.ActiveCfg = Debug|Win32
		{49F3A719-6449-4B12-90C9-EDF7396A4E8D}.Debug|x86.Build.0 = Debug|Win32
		{49F3A719-6449-4B12-90C9-EDF7396A4E8D}.Release|x64.ActiveCfg = Release|x64
		{49F3A719-6449-4B12-90C9-EDF7396A4E8D}.Release|x64.Build.0 = Release|x64
		{49F3A719-6449-4B12-90C9-EDF7396A4E8D}.Release|x86.ActiveCfg = Release|Win32
		{49F3A719-6449-4B12-90C9-EDF7396A4E8D}.Release|x86.Build.0 = Release|Win32
		{4BA63046-D054-467D-B7A0-DE835A3E96E3}.Debug|x64.ActiveCfg = Debug|x64
		{4BA63046-D054-467D-B7A0-DE835A3E96E3}.Debug|x64.Build.0 = Debug|x64
		{4BA63046-D054-467D-B7A0-DE835A3E96E3}.Debug|x86.ActiveCfg = Debug|Win32
		{4BA63046-D054-467D-B7A0-DE835A3E96E3}.Debug|x86.Build.0 = Debug|Win32
		{4BA63046-D054-467D-B7A0-DE835A3E96E3}.Release|x64.ActiveCfg = Release|x64
		{4BA63046-D054-467D-B7A0-DE835A3E96E3}.Release|x64.Build.0 = Release|x64
		{4BA63046-D054-467D-B7A0-DE835A3E96E3}.Release|x86.ActiveCfg = Release|Win32
		{4BA63046-D054-467D-B7A0-DE835A3E96E3}.Release|x86.Build.0 = Release|Win32
		{D7087B88-5391-4AAD-8275-E9B58EC68FB2}.Debug|x64.ActiveCfg = Debug|x64
		{D7087B88-5391-4AAD-8275-E9B58EC68FB2}.Debug|x64.Build.0 = Debug|x64
		{D7087B88-5391-4AAD-8275-E9B58EC68FB2}.Debug|x86.ActiveCfg = Debug|Win32
		{D7087B88-5391-4AAD-8275-E9B58EC68FB2}.Debug|x86.Build.0 = Debug|Win32
		{D7087B88-5391-4AAD-8275-E9B58EC68FB2}.Release|x64.ActiveCfg = Release|x64
		{D7087B88-5391-4AAD-8275-E9B58EC68FB2}.Release|x64.Build.0 = Release|x64
		{D7087B88-5391-4AAD-8275-E9B58EC68FB2}.Release|x86.ActiveCfg = Release|Win32
		{D7087B88-5391-4AAD-8275-E9B58EC68FB2}.Release|x86.Build.0 = Release|Win32
		{4AEEC415-32D4-4E06-AAA4-993F1EDDCA44}.Debug|x64.ActiveCfg = Debug|x64
		{4AEEC415-32D4-4E06-AAA4-993F1EDDCA44}.Debug|x64.Build.0 = Debug|x64
		{4AEEC415-32D4-4E06-AAA4-993F1EDDCA44}.Debug|x86.ActiveCfg = Debug|Win32
		{4AEEC415-32D4-4E06-AAA4-993F1EDDCA44}.Debug|x86.Build.0 = Debug|Win32
		{4AEEC415-32D4-4E06-AAA4-993F1EDDCA44}.Release|x64.ActiveCfg = Release|x64
		{4AEEC415-32D4-4E06-AAA4-993F1EDDCA44}.Release|x64.Build.0 = Release|x64
		{4AEEC415-32D4-4E06-AAA4-993F1EDDCA44}.Release|x86.ActiveCfg = Release|Win32
		{4AEEC415-32D4-4E06-AAA4-993F1EDDCA44}.Release|x86.Build.0 = Release|Win32
		{993C2A74-8AEA-4197-959F-C1D0EB0700C0}.Debug|x64.ActiveCfg = Debug|x64
		{993C2A74-8AEA-4197-959F-C1D0EB0700C0}.Debug|x64.Build.0 = Debug|x64
		{993C2A74-8AEA-4197-959F-C1D0EB0700C0}.Debug|x86.ActiveCfg = Debug|Win32
		{993C2A74-8AEA-4197-959F-C1D0EB0700C0}.Debug|x86.Build.0 = Debug|Win32
		{993C2A74-8AEA-4197-959F-C1D0EB0700C0}.Release|x64.ActiveCfg = Release|x64
		{993C2A74-8AEA-4197-959F-C1D0EB0700C0}.Release|x64.Build.0 = Release|x64
		{993C2A74-8AEA-4197-959F-C1D0EB0700C0}.Release|x86.ActiveCfg = Release|Win32
		{993C2A74-8AEA-4197-959F-C1D0EB0700C0}.Release|x86.Build.0 = Release|Win32
		{2D143B0D-DFEB-4CE0-9721-4614533B5DEA}.Debug|x64.ActiveCfg = Debug|x64
		{2D143B0D-DFEB-4CE0-9721-4614533B5DEA}.Debug|x64.Build.0 = Debug|x64
		{2D143B0D-DFEB-4CE0-9721-4614533B5DEA}.Debug|x86.ActiveCfg = Debug|Win32
		{2D143B0D-DFEB-4CE0-9721-4614533B5DEA}.Debug|x86.Build.0 = Debug|Win32
		{2D143B0D-DFEB-4CE0-9721-4614533B5DEA}.Release|x64.ActiveCfg = Release|x64
		{2D143B0D-DFEB-4CE0-9721-4614533B5DEA}.Release|x64.Build.0 = Release|x64
		{2D143B0D-DFEB-4CE0-9721-4614533B5DEA}.Release|x86.ActiveCfg = Release|Win32
		{2D143B0D-DFEB-4CE0-9721-4614533B5DEA}.Release|x86.Build.0 = Release|Win32
		{FC16D420-3924-43DE-8205-651DC7F54CC9}.Debug|x64.ActiveCfg = Debug|x64
		{FC16D420-3924-43DE-8205-651DC7F54CC9}.Debug|x64.Build.0 = Debug|x64
		{FC16D420-3924-43DE-8205-651DC7F54CC9}.Debug|x86.ActiveCfg = Debug|Win32
		{FC16D420-3924-43DE-8205-651DC7F54CC9}.Debug|x86.Build.0 = Debug|Win32
		{FC16D420-3924-43DE-8205-651DC7F54CC9}.Release|x64.ActiveCfg = Release|x64
		{FC16D420-3924-43DE-8205-651DC7F54CC9}.Release|x64.Build.0 = Release|x64
		{FC16D420-3924-43DE-8205-651DC7F54CC9}.Release|x86.ActiveCfg = Release|Win32
		{FC16D420-3924-43DE-8205-651DC7F54CC9}.Release|x86.Build.0 = Release|Win32
		{FFC448A3-12D3-4660-977A-6F8707BE235A}.Debug|x64.ActiveCfg = Debug|x64
		{FFC448A3-12D3-4660-977A-6F8707BE235A}.Debug|x64.Build.0 = Debug|x64
		{FFC448A3-12D3-4660-977A-6F8707BE235A}.Debug|x86.ActiveCfg = Debug|Win32
		{FFC448A3-12D3-4660-977A-6F8707BE235A}.Debug|x86.Build.0 = Debug|Win32
		{FFC448A3-12D3-4660-977A-6F8707BE235A}.Release|x64.ActiveCfg = Release|x64
		{FFC448A3-12D3-4660-977A-6F8707BE235A}.Release|x64.Build.0 = Release|x64
		{FFC448A3-12D3-4660-977A-6F8707BE235A}.Release|x86.ActiveCfg = Release|Win32
		{FFC448A3-12D3-4660-977A-6F8707BE235A}.Release|x86.Build.0 = Release|Win32
		{E79CF44B-1B47-4930-B7D5-0A6DE76BEB77}.Debug|x64.ActiveCfg = Debug|x64
		{E79CF44B-1B47-4930-B7D5-0A6DE76BEB77}.Debug|x64.Build.0 = Debug|x64
		{E79CF44B-1B47-4930-B7D5-0A6DE76BEB77}.Debug|x86.ActiveCfg = Debug|Win32
		{E79CF44B-1B47-4930-B7D5-0A6DE76BEB77}.Debug|x86.Build.0 = Debug|Win32
		{E79CF44B-1B47-4930-B7D5-0A6DE76BEB77}.Release|x64.ActiveCfg = Release|x64
		{E79CF44B-1B47-4930-B7D5-0A6DE76BEB77}.Release|x64.Build.0 = Release|x64
		{E79CF44B-1B47-4930-B7D5-0A6DE76BEB77}.Release|x86.ActiveCfg = Release|Win32
		{E79CF44B-1B47-4930-B7D5-0A6DE76BEB77}.Release|x86.Build.0 = Release|Win32
		{47565464-18E4-495B-AF23-90F144714B67}.Debug|x64.ActiveCfg = Debug|x64
		{47565464-18E4-495B-AF23-90F144714B67}.Debug|x64.Build.0 = Debug|x64
		{47565464-18E4-495B-AF23-90F144714B67}.Debug|x86.ActiveCfg = Debug|Win32
		{47565464-18E4-495B-AF23-90F144714B67}.Debug|x86.Build.0 = Debug|Win32
		{47565464-18E4-495B-AF23-90F144714B67}.Release|x64.ActiveCfg = Release|x64
		{47565464-18E4-495B-AF23-90F144714B67}.Release|x64.Build.0 = Release|x64
		{47565464-18E4-495B-AF23-90F144714B67}.Release|x86.ActiveCfg = Release|Win32
		{47565464-18E4-495B-AF23-90F144714B67}.Release|x86.Build.0 = Release|Win32
		{FA5C8118-4BB2-48D0-A254-0D0AC6442617}.Debug|x64.ActiveCfg = Debug|x64
		{FA5C8118-4BB2-48D0-A254-0D0AC6442617}.Debug|x64.Build.0 = Debug|x64
		{FA5C8118-4BB2-48D0-A254-0D0AC6442617}.Debug|x86.ActiveCfg = Debug|Win32
		{FA5C8118-4BB2-48D0-A254-0D0AC6442617}.Debug|x86.Build.0 = Debug|Win32
		{FA5C8118-4BB2-48D0-A254-0D0AC6442617}.Release|x64.ActiveCfg = Release|x64
		{FA5C8118-4BB2-48D0-A254-0D0AC6442617}.Release|x64.Build.0 = Release|x64
		{FA5C8118-4BB2-48D0-A254-0D0AC6442617}.Release|x86.ActiveCfg = Release|Win32
		{FA5C8118-4BB2-48D0-A254-0D0AC6442617}.Release|x86.Build.0 = Release|Win32
		{0217AFB1-D85B-46AF-8719-9514A72ED983}.Debug|x64.ActiveCfg = Debug|x64
		{0217AFB1-D85B-46AF-8719-9514A72ED983}.Debug|x64.Build.0 = Debug|x64
		{0217AFB1-D85B-46AF-8719-9514A72ED983}.Debug|x86.ActiveCfg = Debug|Win32
		{0217AFB1-D85B-46AF-8719-9514A72ED983}.Debug|x86.Build.0 = Debug|Win32
		{0217AFB1-D85B-46AF-8719-9514A72ED983}.Release|x64.ActiveCfg = Release|x64
		{0217AFB1-D85B-46AF-8719-9514A72ED983}.Release|x64.Build.0 = Release|x64
		{0217AFB1-D85B-46AF-8719-9514A72ED983}.Release|x86.ActiveCfg = Release|Win32
		{0217AFB1-D85B-46AF-8719-9514A72ED983}.Release|x86.Build.0 = Release|Win32
		{C4310803-EE5B-4FAB-9335-710C8B63F04F}.Debug|x64.ActiveCfg = Debug|x64
		{C4310803-EE5B-4FAB-9335-710C8B63F04F}.Debug|x64.Build.0 = Debug|x64
		{C4310803-EE5B-4FAB-9335-710C8B63F04F}.Debug|x86.ActiveCfg = Debug|Win32
		{C4310803-EE5B-4FAB-9335-710C8B63F04F}.Debug|x86.Build.0 = Debug|Win32
		{C4310803-EE5B-4FAB-9335-710C8B63F04F}.Release|x64.ActiveCfg = Release|x64
		{C4310803-EE5B-4FAB-9335-710C8B63F04F}.Release|x64.Build.0 = Release|x64
		{C4310803-EE5B-4FAB-9335-710C8B63F04F}.Release|x86.ActiveCfg = Release|Win32
		{C4310803-EE5B-4FAB-9335-710C8B63F04F}.Release|x86.Build.0 = Release|Win32
		{040D480A-EEA5-4D0E-A280-0F7789276944}.Debug|x64.ActiveCfg = Debug|x64
		{040D480A-EEA5-4D0E-A280-0F7789276944}.Debug|x64.Build.0 = Debug|x64
		{040D480A-EEA5-4D0E-A280-0F7789276944}.Debug|x86.ActiveCfg = Debug|Win32
		{040D480A-EEA5-4D0E-A280-0F7789276944}.Debug|x86.Build.0 = Debug|Win32
		{040D480A-EEA5-4D0E-A280-0F7789276944}.Release|x64.ActiveCfg = Release|x64
		{040D480A-EEA5-4D0E-A280-0F7789276944}.Release|x64.Build.0 = Release|x64
		{040D480A-EEA5-4D0E-A280-0F7789276944}.Release|x86.ActiveCfg = Release|Win32
		{040D480A-EEA5-4D0E-A280-0F7789276944}.Release|x86.Build.0 = Release|Win32
		{12535D9D-4432-4289-8892-D274068C3082}.Debug|x64.ActiveCfg = Debug|x64
		{12535D9D-4432-4289-8892-D274068C3082}.Debug|x64.Build.0 = Debug|x64
		{12535D9D-4432-4289-8892-D274068C3082}.Debug|x86.ActiveCfg = Debug|Win32
		{12535D9D-4432-4289-8892-D274068C3082}.Debug|x86.Build.0 = Debug|Win32
		{12535D9D-4432-4289-8892-D274068C3082}.Release|x64.ActiveCfg = Release|x64
		{12535D9D-4432-4289-8892-D274068C3082}.Release|x64.Build.0 = Release|x64
		{12535D9D-4432-4289-8892-D274068C3082}.Release|x86.ActiveCfg = Release|Win32
		{12535D9D-4432-4289-8892-D274068C3082}.Release|x86.Build.0 = Release|Win32
		{73F0F856-D95E-41BE-A055-7BA70F553723}.Debug|x64.ActiveCfg = Debug|x64
		{73F0F856-D95E-41BE-A055-7BA70F553723}.Debug|x64.Build.0 = Debug|x64
		{73F0F856-D95E-41BE-A055-7BA70F553723}.Debug|x86.ActiveCfg = Debug|Win32
		{73F0F856-D95E-41BE-A055-7BA70F553723}.Debug|x86.Build.0 = Debug|Win32
		{73F0F856-D95E-41BE-A055-7BA70F553723}.Release|x64.ActiveCfg = Release|x64
		{73F0F856-D95E-41BE-A055-7BA70F553723}.Release|x64.Build.0 = Release|x64
		{73F0F856-D95E-41BE-A055-7BA70F553723}.Release|x86.ActiveCfg = Release|Win32
		{73F0F856-D95E-41BE-A055-7BA70F553723}.Release|x86.Build.0 = Release|Win32
		{64D91334-F82D-40DC-BBB8-8CDE1850028A}.Debug|x64.ActiveCfg = Debug|x64
		{64D91334-F82D-40DC-BBB8-8CDE1850028A}.Debug|x64.Build.0 = Debug|x64
		{64D91334-F82D-40DC-BBB8-8CDE1850028A}.Debug|x86.ActiveCfg = Debug|Win32
		{64D91334-F82D-40DC-BBB8-8CDE1850028A}.Debug|x86.Build.0 = Debug|Win32
		{64D91334-F82D-40DC-BBB8-8CDE1850028A}.Release|x64.ActiveCfg = Release|x64
		{64D91334-F82D-40DC-BBB8-8CDE1850028A}.Release|x64.Build.0 = Release|x64
		{64D91334-F82D-40DC-BBB8-8CDE1850028A}.Release|x86.ActiveCfg = Release|Win32
		{64D91334-F82D-40DC-BBB8-8CDE1850028A}.Release|x86.Build.0 = Release|Win32
	EndGlobalSection
	GlobalSection(SolutionProperties) = preSolution
		HideSolutionNode = FALSE
	EndGlobalSection
	GlobalSection(NestedProjects) = preSolution
		{2AD8D9BB-30BD-4478-954B-A87653C57403} = {6A1596CE-444B-4D40-921E-D6FF045768E9}
		{827CA1A5-F00E-498F-A0E3-8D74D7588E84} = {6A1596CE-444B-4D40-921E-D6FF045768E9}
		{04256BD3-F0F2-4E31-8505-2A2EAA84E4EA} = {6A1596CE-444B-4D40-921E-D6FF045768E9}
		{C5E0AC4C-10E2-403C-93D3-26C20EF32838} = {6A1596CE-444B-4D40-921E-D6FF045768E9}
		{7780D653-C482-4924-9FF7-1CFFEA990771} = {6A1596CE-444B-4D40-921E-D6FF045768E9}
		{3939E600-94F9-4E59-96BB-3A907E6B2F18} = {6A1596CE-444B-4D40-921E-D6FF045768E9}
		{4DD74EF5-191F-444A-86AF-A785888B5054} = {6A1596CE-444B-4D40-921E-D6FF045768E9}
		{1E13CAB5-9C95-4827-91EF-D1FA1B710D13} = {6A1596CE-444B-4D40-921E-D6FF045768E9}
		{2324D531-28B4-4A0C-BE50-A2A0F31C5821} = {6A1596CE-444B-4D40-921E-D6FF045768E9}
		{B1114F4C-8706-4AD6-8722-73CC8349E788} = {6A1596CE-444B-4D40-921E-D6FF045768E9}
		{AC35E7D9-066C-4650-89C4-B3AC0079C061} = {2597F4F9-E1C0-4613-9C0D-637456F93E83}
		{33FBBC7C-1780-46D3-B1D8-7534AEAB4E9D} = {AC35E7D9-066C-4650-89C4-B3AC0079C061}
		{39C6B247-7507-4864-B293-647DCC4337B5} = {CD3752D9-AF03-44C5-A877-45A4A6CD4D47}
		{3F8998A0-0BAC-44B9-ABD8-77F454CD62C8} = {39C6B247-7507-4864-B293-647DCC4337B5}
		{C8D64041-F8D7-4A0B-9564-C408C4BB61B4} = {3F8998A0-0BAC-44B9-ABD8-77F454CD62C8}
		{710A06B0-0FE4-4582-BAB2-82B9676DF2D4} = {3F8998A0-0BAC-44B9-ABD8-77F454CD62C8}
		{40F01331-9983-43C5-A958-EC636D0598AE} = {CD3752D9-AF03-44C5-A877-45A4A6CD4D47}
		{F14454ED-E95E-48A5-8EFE-DFDA56002E6D} = {40F01331-9983-43C5-A958-EC636D0598AE}
		{B4135013-240D-485B-8FE1-89E4C8796DE9} = {F14454ED-E95E-48A5-8EFE-DFDA56002E6D}
		{0CFDCFE1-175D-4A33-BE42-39904620E853} = {CD3752D9-AF03-44C5-A877-45A4A6CD4D47}
		{E0A18093-BF52-4EE6-B2FA-53BF4B9106A4} = {C04B233B-10FB-4B18-9ED1-2BBB58A5B715}
		{BE930A9A-52B4-420B-91B7-801F558337AC} = {C04B233B-10FB-4B18-9ED1-2BBB58A5B715}
		{B75F3FD3-CDC6-4232-9C32-B0FE75DA77D1} = {CD3752D9-AF03-44C5-A877-45A4A6CD4D47}
		{EEB5E286-8D29-4D2F-BC8D-3BFA5B727262} = {734E7C0A-4079-4927-A06F-7D2C91A4A430}
		{618683FC-4389-4D08-B1C2-9B1338C910C8} = {734E7C0A-4079-4927-A06F-7D2C91A4A430}
		{678F130C-E6F8-4903-A965-AAE4091930B0} = {EE526920-BA44-431C-912F-116C1B0D3DDC}
		{CE248924-9779-48D1-8D27-DD5FF2262FC8} = {EE526920-BA44-431C-912F-116C1B0D3DDC}
		{E6C9E359-3F2F-4E32-93F6-466E0F7A9C53} = {CD3752D9-AF03-44C5-A877-45A4A6CD4D47}
		{C04B233B-10FB-4B18-9ED1-2BBB58A5B715} = {0CFDCFE1-175D-4A33-BE42-39904620E853}
		{734E7C0A-4079-4927-A06F-7D2C91A4A430} = {B75F3FD3-CDC6-4232-9C32-B0FE75DA77D1}
		{72327F58-99DC-4D9B-8E42-FB5FC22E0312} = {E6C9E359-3F2F-4E32-93F6-466E0F7A9C53}
		{32D4F896-8B0C-4091-88ED-5C8605477202} = {72327F58-99DC-4D9B-8E42-FB5FC22E0312}
		{2493DC8D-EC0F-4E2A-852E-F1A847A398B3} = {72327F58-99DC-4D9B-8E42-FB5FC22E0312}
		{35EE1D6C-86FC-4E60-AB95-1B98B0399681} = {CD3752D9-AF03-44C5-A877-45A4A6CD4D47}
		{EE526920-BA44-431C-912F-116C1B0D3DDC} = {35EE1D6C-86FC-4E60-AB95-1B98B0399681}
		{9E38912C-4B02-4177-B3FC-382E667B62F0} = {CD3752D9-AF03-44C5-A877-45A4A6CD4D47}
		{200165A7-C573-4A09-B67B-1DE5E85D73A8} = {9E38912C-4B02-4177-B3FC-382E667B62F0}
		{CDF57D7C-EAEC-469F-8437-16C18E24BA96} = {200165A7-C573-4A09-B67B-1DE5E85D73A8}
		{89C70633-015E-4D32-9BFA-4862136AC0AD} = {200165A7-C573-4A09-B67B-1DE5E85D73A8}
		{9D77F6C3-2A69-4660-BADA-F0924E08530F} = {CD3752D9-AF03-44C5-A877-45A4A6CD4D47}
		{E50A3F23-276B-48A0-AA73-2C6CA6712A6C} = {9D77F6C3-2A69-4660-BADA-F0924E08530F}
		{357E41F6-38F7-419B-9A97-4931216FD464} = {E50A3F23-276B-48A0-AA73-2C6CA6712A6C}
		{3EB4E6D4-3AB6-4047-A6E1-0D34BE9F525F} = {E50A3F23-276B-48A0-AA73-2C6CA6712A6C}
		{8975B2CD-2B73-4E83-B847-FA77DF3493C7} = {CD3752D9-AF03-44C5-A877-45A4A6CD4D47}
		{4182AFAC-4C0F-41E4-84E7-4843CD8477A0} = {8975B2CD-2B73-4E83-B847-FA77DF3493C7}
		{A9E60B9F-CBB9-4BD6-B22E-22F5A7246E6F} = {4182AFAC-4C0F-41E4-84E7-4843CD8477A0}
		{8DAD0EB7-B1E4-4100-9BCB-70D4F941F0EF} = {CD3752D9-AF03-44C5-A877-45A4A6CD4D47}
		{83E73C4B-F5B5-4EFD-8D5A-1CB5853096BE} = {8DAD0EB7-B1E4-4100-9BCB-70D4F941F0EF}
		{0F72423F-25B3-413F-98EC-64624754C722} = {83E73C4B-F5B5-4EFD-8D5A-1CB5853096BE}
		{6CE05DD9-0D78-460D-95C1-03B5D87263B0} = {CD3752D9-AF03-44C5-A877-45A4A6CD4D47}
		{D7F78A92-8AC0-4D47-B87B-CA4B4AA65CB1} = {6CE05DD9-0D78-460D-95C1-03B5D87263B0}
		{7BD09B07-D48E-4C58-A11D-4A5B5BBDB15B} = {D7F78A92-8AC0-4D47-B87B-CA4B4AA65CB1}
		{6BE8A001-A27E-4ECC-9714-6758B7337EA7} = {D7F78A92-8AC0-4D47-B87B-CA4B4AA65CB1}
		{6DDAF008-6188-4294-B3CE-368568E5B46E} = {6A1596CE-444B-4D40-921E-D6FF045768E9}
		{658E573C-7B0B-4DAD-811E-E6BE0C36EA45} = {6A1596CE-444B-4D40-921E-D6FF045768E9}
		{7DA41DAC-D22B-429D-B43A-D182E310FE09} = {CD3752D9-AF03-44C5-A877-45A4A6CD4D47}
		{EDB56A5B-A9CD-44D1-B721-A0AA201E3A00} = {7DA41DAC-D22B-429D-B43A-D182E310FE09}
		{49F3A719-6449-4B12-90C9-EDF7396A4E8D} = {EDB56A5B-A9CD-44D1-B721-A0AA201E3A00}
		{4BA63046-D054-467D-B7A0-DE835A3E96E3} = {EDB56A5B-A9CD-44D1-B721-A0AA201E3A00}
		{A357EC56-53AA-4505-A00F-580CECA8A09F} = {2597F4F9-E1C0-4613-9C0D-637456F93E83}
		{D7087B88-5391-4AAD-8275-E9B58EC68FB2} = {A357EC56-53AA-4505-A00F-580CECA8A09F}
		{4AEEC415-32D4-4E06-AAA4-993F1EDDCA44} = {A357EC56-53AA-4505-A00F-580CECA8A09F}
		{993C2A74-8AEA-4197-959F-C1D0EB0700C0} = {A357EC56-53AA-4505-A00F-580CECA8A09F}
		{2D143B0D-DFEB-4CE0-9721-4614533B5DEA} = {AC35E7D9-066C-4650-89C4-B3AC0079C061}
		{FC16D420-3924-43DE-8205-651DC7F54CC9} = {AC35E7D9-066C-4650-89C4-B3AC0079C061}
		{FFC448A3-12D3-4660-977A-6F8707BE235A} = {AC35E7D9-066C-4650-89C4-B3AC0079C061}
		{E79CF44B-1B47-4930-B7D5-0A6DE76BEB77} = {AC35E7D9-066C-4650-89C4-B3AC0079C061}
		{47565464-18E4-495B-AF23-90F144714B67} = {AC35E7D9-066C-4650-89C4-B3AC0079C061}
		{CC46DE40-4986-44D1-99B5-FB6CEB8385DA} = {2597F4F9-E1C0-4613-9C0D-637456F93E83}
		{FA5C8118-4BB2-48D0-A254-0D0AC6442617} = {CC46DE40-4986-44D1-99B5-FB6CEB8385DA}
		{F63DE59A-0EAC-410F-85A3-4E2A37E3FDC3} = {2597F4F9-E1C0-4613-9C0D-637456F93E83}
		{0217AFB1-D85B-46AF-8719-9514A72ED983} = {F63DE59A-0EAC-410F-85A3-4E2A37E3FDC3}
		{C4310803-EE5B-4FAB-9335-710C8B63F04F} = {F63DE59A-0EAC-410F-85A3-4E2A37E3FDC3}
		{040D480A-EEA5-4D0E-A280-0F7789276944} = {F63DE59A-0EAC-410F-85A3-4E2A37E3FDC3}
		{3B9EE545-95F4-4E26-957A-E4CEC6180B96} = {2597F4F9-E1C0-4613-9C0D-637456F93E83}
		{12535D9D-4432-4289-8892-D274068C3082} = {3B9EE545-95F4-4E26-957A-E4CEC6180B96}
		{73F0F856-D95E-41BE-A055-7BA70F553723} = {3B9EE545-95F4-4E26-957A-E4CEC6180B96}
		{64D91334-F82D-40DC-BBB8-8CDE1850028A} = {3B9EE545-95F4-4E26-957A-E4CEC6180B96}
	EndGlobalSection
	GlobalSection(ExtensibilityGlobals) = postSolution
		SolutionGuid = {397A8FDF-3643-4D45-B536-9CC36FF7A7B6}
	EndGlobalSection
EndGlobal
